<?xml version="1.0" encoding="utf-8"?>
<Project ToolsVersion="4.0" xmlns="http://schemas.microsoft.com/developer/msbuild/2003">
  <ItemGroup>
    <ClCompile Include="Cabac.cpp" />
    <ClCompile Include="decode.cpp" />
    <ClCompile Include="DecodeCtu.cpp" />
    <ClCompile Include="DecodeRbsp.cpp" />
    <ClCompile Include="DecodeRbsp2.cpp" />
    <ClCompile Include="encode.cpp" />
    <ClCompile Include="Encoder.cpp" />
    <ClCompile Include="InputQueue.cpp" />
    <ClCompile Include="main.cpp" />
    <ClCompile Include="md5.c" />
    <ClCompile Include="Md5Sum.cpp" />
    <ClCompile Include="Picture.cpp" />
    <ClCompile Include="ProgressReporter.cpp" />
    <ClCompile Include="psnr.cpp" />
    <ClCompile Include="Rdoq.cpp" />
    <ClCompile Include="Reconstruct.cpp" />
    <ClCompile Include="ScalingMatrices.cpp" />
    <ClCompile Include="Search.cpp" />
    <ClCompile Include="smoke.cpp" />
    <ClCompile Include="StateCollocatedMotion.cpp" />
    <ClCompile Include="statistics.cpp" />
    <ClCompile Include="StatisticsCtu.cpp" />
    <ClCompile Include="StatisticsRbsp.cpp" />
    <ClCompile Include="StatisticsSei.cpp" />
    <ClCompile Include="StatisticsSlice.cpp" />
    <ClCompile Include="TaskDeblock.cpp" />
    <ClCompile Include="TaskEncodeInput.cpp" />
    <ClCompile Include="TaskEncodeOutput.cpp" />
    <ClCompile Include="TaskEncodeSubstream.cpp" />
    <ClCompile Include="ThreadPool.cpp" />
    <ClCompile Include="verify.cpp" />
    <ClCompile Include="VerifyCtu.cpp" />
    <ClCompile Include="VerifyPps.cpp" />
    <ClCompile Include="VerifyRbsp.cpp" />
    <ClCompile Include="VerifySlice.cpp" />
    <ClCompile Include="VerifySei.cpp" />
    <ClCompile Include="VerifySps.cpp" />
    <ClCompile Include="VerifyVps.cpp" />
    <ClCompile Include="sao.cpp" />
    <ClCompile Include="signature.cpp" />
    <ClCompile Include="SCDetection.cpp" />
  </ItemGroup>
  <ItemGroup>
    <ClInclude Include="Alias.h" />
    <ClInclude Include="Binarization.h" />
    <ClInclude Include="Cabac.h" />
    <ClInclude Include="ReconstructionCache.h" />
    <ClInclude Include="CandModeList.h" />
    <ClInclude Include="CodeCache.h" />
    <ClInclude Include="CodedData.h" />
    <ClInclude Include="ConformanceStreams.h" />
    <ClInclude Include="ContextModel.h" />
    <ClInclude Include="Cost.h" />
    <ClInclude Include="Decode.h" />
    <ClInclude Include="DecodedPicture.h" />
    <ClInclude Include="Dsp.h" />
    <ClInclude Include="Encoder.h" />
    <ClInclude Include="EstimateRate.h" />
    <ClInclude Include="FixedPoint.h" />
    <ClInclude Include="Snake.h" />
    <ClInclude Include="git-describe.h" />
    <ClInclude Include="GlobalState.h" />
    <ClInclude Include="HevcMath.h" />
    <ClInclude Include="IntraReferenceSamples.h" />
    <ClInclude Include="sao.h" />
    <ClInclude Include="StateFunctionTables.h" />
    <ClInclude Include="StateParameterSets.h" />
    <ClInclude Include="StatePicture.h" />
    <ClInclude Include="StateSymbols.h" />
    <ClInclude Include="StateWavefront.h" />
    <ClInclude Include="StreamReader.h" />
    <ClInclude Include="StructMacros.h" />
    <ClInclude Include="Symbols.h" />
    <ClInclude Include="InputQueue.h" />
    <ClInclude Include="Interpolate.h" />
    <ClInclude Include="Log2.h" />
    <ClInclude Include="LoopFilter.h" />
    <ClInclude Include="Levels.h" />
    <ClInclude Include="Measure.h" />
    <ClInclude Include="Memory.h" />
    <ClInclude Include="Parse.hpp" />
    <ClInclude Include="Speed.h" />
    <ClInclude Include="Primitive.h" />
    <ClInclude Include="Profiler.h" />
    <ClInclude Include="Profiles.h" />
    <ClInclude Include="BlockData.h" />
    <ClInclude Include="RangeLimits.h" />
    <ClInclude Include="ScalingMatrices.h" />
    <ClInclude Include="Search.h" />
    <ClInclude Include="StateCollocatedMotion.h" />
    <ClInclude Include="StateDecode.h" />
    <ClInclude Include="StateEncode.h" />
    <ClInclude Include="Statistics.h" />
    <ClInclude Include="SyntaxCtu.hpp" />
    <ClInclude Include="SyntaxNal.hpp" />
    <ClInclude Include="SyntaxRbsp.hpp" />
    <ClInclude Include="SyntaxSei.h" />
    <ClInclude Include="TaskDeblock.h" />
    <ClInclude Include="TaskEncodeInput.h" />
    <ClInclude Include="TaskEncodeOutput.h" />
    <ClInclude Include="TaskEncodeSubstream.h" />
    <ClInclude Include="Verify.h" />
    <ClInclude Include="Violation.h" />
    <ClInclude Include="Transform.hpp" />
    <ClInclude Include="HevcTypes.h" />
    <ClInclude Include="md5.h" />
    <ClInclude Include="Md5Sum.h" />
    <ClInclude Include="Parse.h" />
    <ClInclude Include="ProgressReporter.h" />
    <ClInclude Include="StatePictures.h" />
    <ClInclude Include="SyntaxElements.h" />
    <ClInclude Include="Mvp.h" />
    <ClInclude Include="Picture.h" />
    <ClInclude Include="Pluto.h" />
    <ClInclude Include="Reconstruct.h" />
    <ClInclude Include="ScanOrder.h" />
    <ClInclude Include="Handlers.h" />
    <ClInclude Include="StateSpatial.h" />
    <ClInclude Include="StateValues.h" />
    <ClInclude Include="Syntax.h" />
    <ClInclude Include="ThreadPool.h" />
    <ClInclude Include="Vanilla.h" />
    <ClInclude Include="Write.h" />
  </ItemGroup>
</Project>