<?xml version="1.0" encoding="utf-8"?>
<Project ToolsVersion="4.0" xmlns="http://schemas.microsoft.com/developer/msbuild/2003">
  <ItemGroup>
    <ClCompile Include="Cabac.cpp">
      <Filter>Source Files</Filter>
    </ClCompile>
    <ClCompile Include="decode.cpp">
      <Filter>Source Files</Filter>
    </ClCompile>
    <ClCompile Include="encode.cpp">
      <Filter>Source Files</Filter>
    </ClCompile>
    <ClCompile Include="Encoder.cpp">
      <Filter>Source Files</Filter>
    </ClCompile>
    <ClCompile Include="InputQueue.cpp">
      <Filter>Source Files</Filter>
    </ClCompile>
    <ClCompile Include="main.cpp">
      <Filter>Source Files</Filter>
    </ClCompile>
    <ClCompile Include="md5.c">
      <Filter>Source Files</Filter>
    </ClCompile>
    <ClCompile Include="Md5Sum.cpp">
      <Filter>Source Files</Filter>
    </ClCompile>
    <ClCompile Include="Picture.cpp">
      <Filter>Source Files</Filter>
    </ClCompile>
    <ClCompile Include="ProgressReporter.cpp">
      <Filter>Source Files</Filter>
    </ClCompile>
    <ClCompile Include="psnr.cpp">
      <Filter>Source Files</Filter>
    </ClCompile>
    <ClCompile Include="ScalingMatrices.cpp">
      <Filter>Source Files</Filter>
    </ClCompile>
    <ClCompile Include="Reconstruct.cpp">
      <Filter>Source Files</Filter>
    </ClCompile>
    <ClCompile Include="Search.cpp">
      <Filter>Source Files</Filter>
    </ClCompile>
    <ClCompile Include="smoke.cpp">
      <Filter>Source Files</Filter>
    </ClCompile>
    <ClCompile Include="statistics.cpp">
      <Filter>Source Files</Filter>
    </ClCompile>
    <ClCompile Include="ThreadPool.cpp">
      <Filter>Source Files</Filter>
    </ClCompile>
    <ClCompile Include="StateCollocatedMotion.cpp">
      <Filter>Source Files</Filter>
    </ClCompile>
    <ClCompile Include="verify.cpp">
      <Filter>Source Files</Filter>
    </ClCompile>
    <ClCompile Include="DecodeRbsp.cpp">
      <Filter>Source Files</Filter>
    </ClCompile>
    <ClCompile Include="DecodeCtu.cpp">
      <Filter>Source Files</Filter>
    </ClCompile>
    <ClCompile Include="VerifyRbsp.cpp">
      <Filter>Source Files</Filter>
    </ClCompile>
    <ClCompile Include="sao.c">
      <Filter>Source Files</Filter>
    </ClCompile>
    <ClCompile Include="TaskDeblock.cpp">
      <Filter>Source Files</Filter>
    </ClCompile>
    <ClCompile Include="TaskEncodeSubstream.cpp">
      <Filter>Source Files</Filter>
    </ClCompile>
    <ClCompile Include="TaskEncodeInput.cpp">
      <Filter>Source Files</Filter>
    </ClCompile>
    <ClCompile Include="TaskEncodeOutput.cpp">
      <Filter>Source Files</Filter>
    </ClCompile>
    <ClCompile Include="VerifySei.cpp">
      <Filter>Source Files</Filter>
    </ClCompile>
    <ClCompile Include="VerifyCtu.cpp">
      <Filter>Source Files</Filter>
    </ClCompile>
    <ClCompile Include="VerifySlice.cpp">
      <Filter>Source Files</Filter>
    </ClCompile>
    <ClCompile Include="VerifyVps.cpp">
      <Filter>Source Files</Filter>
    </ClCompile>
    <ClCompile Include="VerifySps.cpp">
      <Filter>Source Files</Filter>
    </ClCompile>
    <ClCompile Include="VerifyPps.cpp">
      <Filter>Source Files</Filter>
    </ClCompile>
    <ClCompile Include="StatisticsRbsp.cpp">
      <Filter>Source Files</Filter>
    </ClCompile>
    <ClCompile Include="StatisticsSlice.cpp">
      <Filter>Source Files</Filter>
    </ClCompile>
    <ClCompile Include="StatisticsCtu.cpp">
      <Filter>Source Files</Filter>
    </ClCompile>
    <ClCompile Include="StatisticsSei.cpp">
      <Filter>Source Files</Filter>
    </ClCompile>
    <ClCompile Include="DecodeRbsp2.cpp">
      <Filter>Source Files</Filter>
    </ClCompile>
    <ClCompile Include="Rdoq.cpp">
      <Filter>Source Files</Filter>
    </ClCompile>
  </ItemGroup>
  <ItemGroup>
    <ClInclude Include="Binarization.h">
      <Filter>Header Files</Filter>
    </ClInclude>
    <ClInclude Include="Cabac.h">
      <Filter>Header Files</Filter>
    </ClInclude>
    <ClInclude Include="CandModeList.h">
      <Filter>Header Files</Filter>
    </ClInclude>
    <ClInclude Include="CodeCache.h">
      <Filter>Header Files</Filter>
    </ClInclude>
    <ClInclude Include="ConformanceStreams.h">
      <Filter>Header Files</Filter>
    </ClInclude>
    <ClInclude Include="ContextModel.h">
      <Filter>Header Files</Filter>
    </ClInclude>
    <ClInclude Include="Cost.h">
      <Filter>Header Files</Filter>
    </ClInclude>
    <ClInclude Include="Decode.h">
      <Filter>Header Files</Filter>
    </ClInclude>
    <ClInclude Include="Dsp.h">
      <Filter>Header Files</Filter>
    </ClInclude>
    <ClInclude Include="Encoder.h">
      <Filter>Header Files</Filter>
    </ClInclude>
    <ClInclude Include="GlobalState.h">
      <Filter>Header Files</Filter>
    </ClInclude>
    <ClInclude Include="HevcTypes.h">
      <Filter>Header Files</Filter>
    </ClInclude>
    <ClInclude Include="InputQueue.h">
      <Filter>Header Files</Filter>
    </ClInclude>
    <ClInclude Include="Interpolate.h">
      <Filter>Header Files</Filter>
    </ClInclude>
    <ClInclude Include="Levels.h">
      <Filter>Header Files</Filter>
    </ClInclude>
    <ClInclude Include="LoopFilter.h">
      <Filter>Header Files</Filter>
    </ClInclude>
    <ClInclude Include="md5.h">
      <Filter>Header Files</Filter>
    </ClInclude>
    <ClInclude Include="Md5Sum.h">
      <Filter>Header Files</Filter>
    </ClInclude>
    <ClInclude Include="Measure.h">
      <Filter>Header Files</Filter>
    </ClInclude>
    <ClInclude Include="Mvp.h">
      <Filter>Header Files</Filter>
    </ClInclude>
    <ClInclude Include="Parse.h">
      <Filter>Header Files</Filter>
    </ClInclude>
    <ClInclude Include="Picture.h">
      <Filter>Header Files</Filter>
    </ClInclude>
    <ClInclude Include="Pluto.h">
      <Filter>Header Files</Filter>
    </ClInclude>
    <ClInclude Include="Primitive.h">
      <Filter>Header Files</Filter>
    </ClInclude>
    <ClInclude Include="Profiles.h">
      <Filter>Header Files</Filter>
    </ClInclude>
    <ClInclude Include="Parse.hpp">
      <Filter>Inline Implementation Files</Filter>
    </ClInclude>
    <ClInclude Include="ProgressReporter.h">
      <Filter>Header Files</Filter>
    </ClInclude>
    <ClInclude Include="RangeLimits.h">
      <Filter>Header Files</Filter>
    </ClInclude>
    <ClInclude Include="Reconstruct.h">
      <Filter>Header Files</Filter>
    </ClInclude>
    <ClInclude Include="ScalingMatrices.h">
      <Filter>Header Files</Filter>
    </ClInclude>
    <ClInclude Include="ScanOrder.h">
      <Filter>Header Files</Filter>
    </ClInclude>
    <ClInclude Include="Search.h">
      <Filter>Header Files</Filter>
    </ClInclude>
    <ClInclude Include="StateCollocatedMotion.h">
      <Filter>Header Files</Filter>
    </ClInclude>
    <ClInclude Include="StateDecode.h">
      <Filter>Header Files</Filter>
    </ClInclude>
    <ClInclude Include="StatePictures.h">
      <Filter>Header Files</Filter>
    </ClInclude>
    <ClInclude Include="StateSpatial.h">
      <Filter>Header Files</Filter>
    </ClInclude>
    <ClInclude Include="StateValues.h">
      <Filter>Header Files</Filter>
    </ClInclude>
    <ClInclude Include="Statistics.h">
      <Filter>Header Files</Filter>
    </ClInclude>
    <ClInclude Include="Syntax.h">
      <Filter>Header Files</Filter>
    </ClInclude>
    <ClInclude Include="SyntaxElements.h">
      <Filter>Header Files</Filter>
    </ClInclude>
    <ClInclude Include="SyntaxSei.h">
      <Filter>Header Files</Filter>
    </ClInclude>
    <ClInclude Include="ThreadPool.h">
      <Filter>Header Files</Filter>
    </ClInclude>
    <ClInclude Include="Vanilla.h">
      <Filter>Header Files</Filter>
    </ClInclude>
    <ClInclude Include="Verify.h">
      <Filter>Header Files</Filter>
    </ClInclude>
    <ClInclude Include="Violation.h">
      <Filter>Header Files</Filter>
    </ClInclude>
    <ClInclude Include="Transform.hpp">
      <Filter>Inline Implementation Files</Filter>
    </ClInclude>
    <ClInclude Include="Symbols.h">
      <Filter>Header Files</Filter>
    </ClInclude>
    <ClInclude Include="StateSymbols.h">
      <Filter>Header Files</Filter>
    </ClInclude>
    <ClInclude Include="git-describe.h">
      <Filter>Header Files</Filter>
    </ClInclude>
    <ClInclude Include="Memory.h">
      <Filter>Header Files</Filter>
    </ClInclude>
    <ClInclude Include="Speed.h">
      <Filter>Header Files</Filter>
    </ClInclude>
    <ClInclude Include="Profiler.h">
      <Filter>Header Files</Filter>
    </ClInclude>
    <ClInclude Include="Handlers.h">
      <Filter>Header Files</Filter>
    </ClInclude>
    <ClInclude Include="Log2.h">
      <Filter>Header Files</Filter>
    </ClInclude>
    <ClInclude Include="StreamReader.h">
      <Filter>Header Files</Filter>
    </ClInclude>
    <ClInclude Include="StateParameterSets.h">
      <Filter>Header Files</Filter>
    </ClInclude>
    <ClInclude Include="Alias.h">
      <Filter>Header Files</Filter>
    </ClInclude>
    <ClInclude Include="SyntaxNal.hpp">
      <Filter>Inline Implementation Files</Filter>
    </ClInclude>
    <ClInclude Include="SyntaxCtu.hpp">
      <Filter>Inline Implementation Files</Filter>
    </ClInclude>
    <ClInclude Include="SyntaxRbsp.hpp">
      <Filter>Inline Implementation Files</Filter>
    </ClInclude>
    <ClInclude Include="sao.h">
      <Filter>Header Files</Filter>
    </ClInclude>
    <ClInclude Include="StateEncode.h">
      <Filter>Header Files</Filter>
    </ClInclude>
    <ClInclude Include="StateFunctionTables.h">
      <Filter>Header Files</Filter>
    </ClInclude>
    <ClInclude Include="TaskDeblock.h">
      <Filter>Header Files</Filter>
    </ClInclude>
    <ClInclude Include="TaskEncodeSubstream.h">
      <Filter>Header Files</Filter>
    </ClInclude>
    <ClInclude Include="TaskEncodeInput.h">
      <Filter>Header Files</Filter>
    </ClInclude>
    <ClInclude Include="TaskEncodeOutput.h">
      <Filter>Header Files</Filter>
    </ClInclude>
    <ClInclude Include="StateWavefront.h">
      <Filter>Header Files</Filter>
    </ClInclude>
    <ClInclude Include="IntraReferenceSamples.h">
      <Filter>Header Files</Filter>
    </ClInclude>
    <ClInclude Include="StatePicture.h">
      <Filter>Header Files</Filter>
    </ClInclude>
    <ClInclude Include="StructMacros.h">
      <Filter>Header Files</Filter>
    </ClInclude>
    <ClInclude Include="HevcMath.h">
      <Filter>Header Files</Filter>
    </ClInclude>
    <ClInclude Include="DecodedPicture.h">
      <Filter>Header Files</Filter>
    </ClInclude>
    <ClInclude Include="Snake.h">
      <Filter>Header Files</Filter>
    </ClInclude>
    <ClInclude Include="BlockData.h">
      <Filter>Header Files</Filter>
    </ClInclude>
    <ClInclude Include="Write.h">
      <Filter>Header Files</Filter>
    </ClInclude>
    <ClInclude Include="FixedPoint.h">
      <Filter>Header Files</Filter>
    </ClInclude>
    <ClInclude Include="EstimateRate.h">
      <Filter>Header Files</Filter>
    </ClInclude>
    <ClInclude Include="CodedData.h">
      <Filter>Header Files</Filter>
    </ClInclude>
    <ClInclude Include="ReconstructionCache.h">
      <Filter>Header Files</Filter>
    </ClInclude>
    <ClInclude Include="Rdoq.h">
      <Filter>Header Files</Filter>
    </ClInclude>
  </ItemGroup>
  <ItemGroup>
    <Filter Include="Source Files">
      <UniqueIdentifier>{9feaad7e-7864-42a7-8dad-78ed9bcdfbe6}</UniqueIdentifier>
      <Extensions>cpp</Extensions>
    </Filter>
    <Filter Include="Header Files">
      <UniqueIdentifier>{4df7e491-095e-4e65-b8e1-67895721c5a9}</UniqueIdentifier>
      <Extensions>h</Extensions>
    </Filter>
    <Filter Include="Inline Implementation Files">
      <UniqueIdentifier>{7a1a8ec3-4948-41cf-99b0-7d37d041bf8c}</UniqueIdentifier>
      <Extensions>hpp</Extensions>
    </Filter>
  </ItemGroup>
</Project>